
Microsoft Visual Studio Solution File, Format Version 12.00
# Visual Studio Version 17
VisualStudioVersion = 17.3.32804.467
MinimumVisualStudioVersion = 10.0.40219.1
Project("{9A19103F-16F7-4668-BE54-9A1E7A4F7556}") = "DataVforBlazor", "DataVforBlazor\DataVforBlazor.csproj", "{441B6B4E-370C-4CF5-9CD0-A303CAF669A5}"
EndProject
Project("{9A19103F-16F7-4668-BE54-9A1E7A4F7556}") = "DataVforBlazorTest", "DataVforBlazorTest\DataVforBlazorTest.csproj", "{96EF94CB-FD5E-4FA9-826E-D3E5DB735DB2}"
EndProject
Global
	GlobalSection(SolutionConfigurationPlatforms) = preSolution
		Debug|Any CPU = Debug|Any CPU
		Release|Any CPU = Release|Any CPU
	EndGlobalSection
	GlobalSection(ProjectConfigurationPlatforms) = postSolution
		{441B6B4E-370C-4CF5-9CD0-A303CAF669A5}.Debug|Any CPU.ActiveCfg = Debug|Any CPU
		{441B6B4E-370C-4CF5-9CD0-A303CAF669A5}.Debug|Any CPU.Build.0 = Debug|Any CPU
		{441B6B4E-370C-4CF5-9CD0-A303CAF669A5}.Release|Any CPU.ActiveCfg = Release|Any CPU
		{441B6B4E-370C-4CF5-9CD0-A303CAF669A5}.Release|Any CPU.Build.0 = Release|Any CPU
		{96EF94CB-FD5E-4FA9-826E-D3E5DB735DB2}.Debug|Any CPU.ActiveCfg = Debug|Any CPU
		{96EF94CB-FD5E-4FA9-826E-D3E5DB735DB2}.Debug|Any CPU.Build.0 = Debug|Any CPU
		{96EF94CB-FD5E-4FA9-826E-D3E5DB735DB2}.Release|Any CPU.ActiveCfg = Release|Any CPU
		{96EF94CB-FD5E-4FA9-826E-D3E5DB735DB2}.Release|Any CPU.Build.0 = Release|Any CPU
	EndGlobalSection
	GlobalSection(SolutionProperties) = preSolution
		HideSolutionNode = FALSE
	EndGlobalSection
	GlobalSection(ExtensibilityGlobals) = postSolution
		SolutionGuid = {5657F9B5-84F8-4864-84A4-18578750A521}
	EndGlobalSection
EndGlobal
